
Microsoft Visual Studio Solution File, Format Version 12.00
# Visual Studio Version 17
VisualStudioVersion = 17.10.35027.167
MinimumVisualStudioVersion = 10.0.40219.1
Project("{FAE04EC0-301F-11D3-BF4B-00C04F79EFBC}") = "ArrayPractice", "ArrayPractice\ArrayPractice.csproj", "{CA2A0EEB-B467-451D-9A45-8B873313F18A}"
EndProject
Global
	GlobalSection(SolutionConfigurationPlatforms) = preSolution
		Debug|Any CPU = Debug|Any CPU
		Release|Any CPU = Release|Any CPU
	EndGlobalSection
	GlobalSection(ProjectConfigurationPlatforms) = postSolution
		{CA2A0EEB-B467-451D-9A45-8B873313F18A}.Debug|Any CPU.ActiveCfg = Debug|Any CPU
		{CA2A0EEB-B467-451D-9A45-8B873313F18A}.Debug|Any CPU.Build.0 = Debug|Any CPU
		{CA2A0EEB-B467-451D-9A45-8B873313F18A}.Release|Any CPU.ActiveCfg = Release|Any CPU
		{CA2A0EEB-B467-451D-9A45-8B873313F18A}.Release|Any CPU.Build.0 = Release|Any CPU
	EndGlobalSection
	GlobalSection(SolutionProperties) = preSolution
		HideSolutionNode = FALSE
	EndGlobalSection
	GlobalSection(ExtensibilityGlobals) = postSolution
		SolutionGuid = {40E10F87-09E9-485E-A00D-49343B975FF7}
	EndGlobalSection
EndGlobal
